{
  "meteor": {},
  "dependencies": {
    "basePackages": {
      "fullcalendar": {},
      "bootstrap-timepicker": {}
    },
    "packages": {
      "fullcalendar": {
        "git": "https://github.com/TimHeckel/meteor-fullcalendar.git",
        "tag": "v1.6.1",
        "commit": "78dba7c564bf7baacf6556c70a3cc179d0e137c4"
      },
      "bootstrap-timepicker": {
        "git": "https://github.com/BenjaminRH/meteor-bootstrap-timepicker.git",
        "tag": "v0.1.0",
        "commit": "fa61edb82752e5c682dbaafd5412f4d29f8b72e0"
      },
      "jquery-ui": {
        "git": "https://github.com/TimHeckel/meteor-jquery-ui.git",
        "tag": "v1.9.2",
        "commit": "c437d45edcf1367df8d5ffa8bad2867758030bd2"
      }
    }
  }
}
